
Microsoft Visual Studio Solution File, Format Version 12.00
# Visual Studio 15
VisualStudioVersion = 15.0.25807.0
MinimumVisualStudioVersion = 10.0.40219.1
Project("{2150E333-8FDC-42A3-9474-1A3956D46DE8}") = "Engine", "Engine", "{21EA0BA8-724C-44C0-8A90-0DC440BF05DA}"
EndProject
Project("{2150E333-8FDC-42A3-9474-1A3956D46DE8}") = "Games", "Games", "{F97D9245-5231-4B60-A175-DE4FDF5FB3B0}"
EndProject
Project("{8BC9CEB8-8B4A-11D0-8D11-00A0C91BC942}") = "UE4", "Intermediate\ProjectFiles\UE4.vcxproj", "{946B8E41-A8C6-4471-9644-55E3C29F93B8}"
EndProject
Project("{8BC9CEB8-8B4A-11D0-8D11-00A0C91BC942}") = "PhantomMechanic", "Intermediate\ProjectFiles\PhantomMechanic.vcxproj", "{A139E03A-4A45-4471-A69C-714931FC3D6E}"
EndProject
Project("{2150E333-8FDC-42A3-9474-1A3956D46DE8}") = "Visualizers", "Visualizers", "{A15F7970-B00C-4528-80F0-0868F9C706DA}"
	ProjectSection(SolutionItems) = preProject
		..\..\..\..\Development\Epic Games\UE_4.21\Engine\Extras\VisualStudioDebugging\UE4.natvis = ..\..\..\..\Development\Epic Games\UE_4.21\Engine\Extras\VisualStudioDebugging\UE4.natvis
	EndProjectSection
EndProject
Global
	GlobalSection(SolutionConfigurationPlatforms) = preSolution
		DebugGame Editor|HTML5 = DebugGame Editor|HTML5
		DebugGame Editor|Win32 = DebugGame Editor|Win32
		DebugGame Editor|Win64 = DebugGame Editor|Win64
		DebugGame|HTML5 = DebugGame|HTML5
		DebugGame|Win32 = DebugGame|Win32
		DebugGame|Win64 = DebugGame|Win64
		Development Editor|HTML5 = Development Editor|HTML5
		Development Editor|Win32 = Development Editor|Win32
		Development Editor|Win64 = Development Editor|Win64
		Development|HTML5 = Development|HTML5
		Development|Win32 = Development|Win32
		Development|Win64 = Development|Win64
		Shipping|HTML5 = Shipping|HTML5
		Shipping|Win32 = Shipping|Win32
		Shipping|Win64 = Shipping|Win64
	EndGlobalSection
	GlobalSection(ProjectConfigurationPlatforms) = postSolution
		{946B8E41-A8C6-4471-9644-55E3C29F93B8}.DebugGame Editor|HTML5.ActiveCfg = BuiltWithUnrealBuildTool|Win32
		{946B8E41-A8C6-4471-9644-55E3C29F93B8}.DebugGame Editor|Win32.ActiveCfg = BuiltWithUnrealBuildTool|Win32
		{946B8E41-A8C6-4471-9644-55E3C29F93B8}.DebugGame Editor|Win64.ActiveCfg = BuiltWithUnrealBuildTool|Win32
		{946B8E41-A8C6-4471-9644-55E3C29F93B8}.DebugGame|HTML5.ActiveCfg = BuiltWithUnrealBuildTool|Win32
		{946B8E41-A8C6-4471-9644-55E3C29F93B8}.DebugGame|Win32.ActiveCfg = BuiltWithUnrealBuildTool|Win32
		{946B8E41-A8C6-4471-9644-55E3C29F93B8}.DebugGame|Win64.ActiveCfg = BuiltWithUnrealBuildTool|Win32
		{946B8E41-A8C6-4471-9644-55E3C29F93B8}.Development Editor|HTML5.ActiveCfg = BuiltWithUnrealBuildTool|Win32
		{946B8E41-A8C6-4471-9644-55E3C29F93B8}.Development Editor|Win32.ActiveCfg = BuiltWithUnrealBuildTool|Win32
		{946B8E41-A8C6-4471-9644-55E3C29F93B8}.Development Editor|Win64.ActiveCfg = BuiltWithUnrealBuildTool|Win32
		{946B8E41-A8C6-4471-9644-55E3C29F93B8}.Development|HTML5.ActiveCfg = BuiltWithUnrealBuildTool|Win32
		{946B8E41-A8C6-4471-9644-55E3C29F93B8}.Development|Win32.ActiveCfg = BuiltWithUnrealBuildTool|Win32
		{946B8E41-A8C6-4471-9644-55E3C29F93B8}.Development|Win64.ActiveCfg = BuiltWithUnrealBuildTool|Win32
		{946B8E41-A8C6-4471-9644-55E3C29F93B8}.Shipping|HTML5.ActiveCfg = BuiltWithUnrealBuildTool|Win32
		{946B8E41-A8C6-4471-9644-55E3C29F93B8}.Shipping|Win32.ActiveCfg = BuiltWithUnrealBuildTool|Win32
		{946B8E41-A8C6-4471-9644-55E3C29F93B8}.Shipping|Win64.ActiveCfg = BuiltWithUnrealBuildTool|Win32
		{A139E03A-4A45-4471-A69C-714931FC3D6E}.DebugGame Editor|HTML5.ActiveCfg = Invalid|Win32
		{A139E03A-4A45-4471-A69C-714931FC3D6E}.DebugGame Editor|Win32.ActiveCfg = Invalid|Win32
		{A139E03A-4A45-4471-A69C-714931FC3D6E}.DebugGame Editor|Win64.ActiveCfg = DebugGame_Editor|x64
		{A139E03A-4A45-4471-A69C-714931FC3D6E}.DebugGame Editor|Win64.Build.0 = DebugGame_Editor|x64
		{A139E03A-4A45-4471-A69C-714931FC3D6E}.DebugGame|HTML5.ActiveCfg = HTML5_DebugGame|Win32
		{A139E03A-4A45-4471-A69C-714931FC3D6E}.DebugGame|HTML5.Build.0 = HTML5_DebugGame|Win32
		{A139E03A-4A45-4471-A69C-714931FC3D6E}.DebugGame|Win32.ActiveCfg = DebugGame|Win32
		{A139E03A-4A45-4471-A69C-714931FC3D6E}.DebugGame|Win32.Build.0 = DebugGame|Win32
		{A139E03A-4A45-4471-A69C-714931FC3D6E}.DebugGame|Win64.ActiveCfg = DebugGame|x64
		{A139E03A-4A45-4471-A69C-714931FC3D6E}.DebugGame|Win64.Build.0 = DebugGame|x64
		{A139E03A-4A45-4471-A69C-714931FC3D6E}.Development Editor|HTML5.ActiveCfg = Invalid|Win32
		{A139E03A-4A45-4471-A69C-714931FC3D6E}.Development Editor|Win32.ActiveCfg = Invalid|Win32
		{A139E03A-4A45-4471-A69C-714931FC3D6E}.Development Editor|Win64.ActiveCfg = Development_Editor|x64
		{A139E03A-4A45-4471-A69C-714931FC3D6E}.Development Editor|Win64.Build.0 = Development_Editor|x64
		{A139E03A-4A45-4471-A69C-714931FC3D6E}.Development|HTML5.ActiveCfg = HTML5_Development|Win32
		{A139E03A-4A45-4471-A69C-714931FC3D6E}.Development|HTML5.Build.0 = HTML5_Development|Win32
		{A139E03A-4A45-4471-A69C-714931FC3D6E}.Development|Win32.ActiveCfg = Development|Win32
		{A139E03A-4A45-4471-A69C-714931FC3D6E}.Development|Win32.Build.0 = Development|Win32
		{A139E03A-4A45-4471-A69C-714931FC3D6E}.Development|Win64.ActiveCfg = Development|x64
		{A139E03A-4A45-4471-A69C-714931FC3D6E}.Development|Win64.Build.0 = Development|x64
		{A139E03A-4A45-4471-A69C-714931FC3D6E}.Shipping|HTML5.ActiveCfg = HTML5_Shipping|Win32
		{A139E03A-4A45-4471-A69C-714931FC3D6E}.Shipping|HTML5.Build.0 = HTML5_Shipping|Win32
		{A139E03A-4A45-4471-A69C-714931FC3D6E}.Shipping|Win32.ActiveCfg = Shipping|Win32
		{A139E03A-4A45-4471-A69C-714931FC3D6E}.Shipping|Win32.Build.0 = Shipping|Win32
		{A139E03A-4A45-4471-A69C-714931FC3D6E}.Shipping|Win64.ActiveCfg = Shipping|x64
		{A139E03A-4A45-4471-A69C-714931FC3D6E}.Shipping|Win64.Build.0 = Shipping|x64
	EndGlobalSection
	GlobalSection(SolutionProperties) = preSolution
		HideSolutionNode = FALSE
	EndGlobalSection
	GlobalSection(NestedProjects) = preSolution
		{946B8E41-A8C6-4471-9644-55E3C29F93B8} = {21EA0BA8-724C-44C0-8A90-0DC440BF05DA}
		{A139E03A-4A45-4471-A69C-714931FC3D6E} = {F97D9245-5231-4B60-A175-DE4FDF5FB3B0}
	EndGlobalSection
EndGlobal
